
Microsoft Visual Studio Solution File, Format Version 12.00
# Visual Studio Version 17
VisualStudioVersion = 17.4.33205.214
MinimumVisualStudioVersion = 10.0.40219.1
Project("{9A19103F-16F7-4668-BE54-9A1E7A4F7556}") = "1_MvcProject_UI", "1_MvcProject_UI\1_MvcProject_UI.csproj", "{91919725-D748-4248-B26B-FCF988FBBED3}"
EndProject
Project("{9A19103F-16F7-4668-BE54-9A1E7A4F7556}") = "EntityLayer", "EntityLayer\EntityLayer.csproj", "{4726CCEB-E520-4777-A31B-808D20E5342A}"
EndProject
Project("{9A19103F-16F7-4668-BE54-9A1E7A4F7556}") = "DataAccessLayer", "DataAccessLayer\DataAccessLayer.csproj", "{F6A7E7B8-CCA9-4DF2-9AAE-2248CEC55E55}"
EndProject
Project("{9A19103F-16F7-4668-BE54-9A1E7A4F7556}") = "BusinessLayer", "BusinessLayer\BusinessLayer.csproj", "{467AEAEC-D373-4296-9A43-469464934779}"
EndProject
Project("{9A19103F-16F7-4668-BE54-9A1E7A4F7556}") = "jwt_core_project_camp", "jwt_core_project_camp\jwt_core_project_camp.csproj", "{4087DF75-33EB-4D52-8967-CBDA0FCD7252}"
EndProject
Global
	GlobalSection(SolutionConfigurationPlatforms) = preSolution
		Debug|Any CPU = Debug|Any CPU
		Release|Any CPU = Release|Any CPU
	EndGlobalSection
	GlobalSection(ProjectConfigurationPlatforms) = postSolution
		{91919725-D748-4248-B26B-FCF988FBBED3}.Debug|Any CPU.ActiveCfg = Debug|Any CPU
		{91919725-D748-4248-B26B-FCF988FBBED3}.Debug|Any CPU.Build.0 = Debug|Any CPU
		{91919725-D748-4248-B26B-FCF988FBBED3}.Release|Any CPU.ActiveCfg = Release|Any CPU
		{91919725-D748-4248-B26B-FCF988FBBED3}.Release|Any CPU.Build.0 = Release|Any CPU
		{4726CCEB-E520-4777-A31B-808D20E5342A}.Debug|Any CPU.ActiveCfg = Debug|Any CPU
		{4726CCEB-E520-4777-A31B-808D20E5342A}.Debug|Any CPU.Build.0 = Debug|Any CPU
		{4726CCEB-E520-4777-A31B-808D20E5342A}.Release|Any CPU.ActiveCfg = Release|Any CPU
		{4726CCEB-E520-4777-A31B-808D20E5342A}.Release|Any CPU.Build.0 = Release|Any CPU
		{F6A7E7B8-CCA9-4DF2-9AAE-2248CEC55E55}.Debug|Any CPU.ActiveCfg = Debug|Any CPU
		{F6A7E7B8-CCA9-4DF2-9AAE-2248CEC55E55}.Debug|Any CPU.Build.0 = Debug|Any CPU
		{F6A7E7B8-CCA9-4DF2-9AAE-2248CEC55E55}.Release|Any CPU.ActiveCfg = Release|Any CPU
		{F6A7E7B8-CCA9-4DF2-9AAE-2248CEC55E55}.Release|Any CPU.Build.0 = Release|Any CPU
		{467AEAEC-D373-4296-9A43-469464934779}.Debug|Any CPU.ActiveCfg = Debug|Any CPU
		{467AEAEC-D373-4296-9A43-469464934779}.Debug|Any CPU.Build.0 = Debug|Any CPU
		{467AEAEC-D373-4296-9A43-469464934779}.Release|Any CPU.ActiveCfg = Release|Any CPU
		{467AEAEC-D373-4296-9A43-469464934779}.Release|Any CPU.Build.0 = Release|Any CPU
		{4087DF75-33EB-4D52-8967-CBDA0FCD7252}.Debug|Any CPU.ActiveCfg = Debug|Any CPU
		{4087DF75-33EB-4D52-8967-CBDA0FCD7252}.Debug|Any CPU.Build.0 = Debug|Any CPU
		{4087DF75-33EB-4D52-8967-CBDA0FCD7252}.Release|Any CPU.ActiveCfg = Release|Any CPU
		{4087DF75-33EB-4D52-8967-CBDA0FCD7252}.Release|Any CPU.Build.0 = Release|Any CPU
	EndGlobalSection
	GlobalSection(SolutionProperties) = preSolution
		HideSolutionNode = FALSE
	EndGlobalSection
	GlobalSection(ExtensibilityGlobals) = postSolution
		SolutionGuid = {C91D5695-CCB4-42DC-823A-36D32B2AE74B}
	EndGlobalSection
EndGlobal
